
Microsoft Visual Studio Solution File, Format Version 11.00
# Visual Studio 2010
Project("{FAE04EC0-301F-11D3-BF4B-00C04F79EFBC}") = "MergingSVISample", "MergingSVISample\MergingSVISample.csproj", "{89FA2BD2-1CD3-4926-BE43-A512DFC45451}"
EndProject
Global
	GlobalSection(SolutionConfigurationPlatforms) = preSolution
		Debug|Any CPU = Debug|Any CPU
		Release|Any CPU = Release|Any CPU
	EndGlobalSection
	GlobalSection(ProjectConfigurationPlatforms) = postSolution
		{89FA2BD2-1CD3-4926-BE43-A512DFC45451}.Debug|Any CPU.ActiveCfg = Debug|Any CPU
		{89FA2BD2-1CD3-4926-BE43-A512DFC45451}.Debug|Any CPU.Build.0 = Debug|Any CPU
		{89FA2BD2-1CD3-4926-BE43-A512DFC45451}.Release|Any CPU.ActiveCfg = Release|Any CPU
		{89FA2BD2-1CD3-4926-BE43-A512DFC45451}.Release|Any CPU.Build.0 = Release|Any CPU
	EndGlobalSection
	GlobalSection(SolutionProperties) = preSolution
		HideSolutionNode = FALSE
	EndGlobalSection
EndGlobal
